
Microsoft Visual Studio Solution File, Format Version 12.00
# Visual Studio Version 17
VisualStudioVersion = 17.11.35312.102
MinimumVisualStudioVersion = 10.0.40219.1
Project("{8BC9CEB8-8B4A-11D0-8D11-00A0C91BC942}") = "leetcode2", "leetcode2\leetcode2.vcxproj", "{DD805337-9F82-4D16-B762-29DAD0007114}"
EndProject
Project("{8BC9CEB8-8B4A-11D0-8D11-00A0C91BC942}") = "13. Roman to Integer", "13. Roman to Integer\13. Roman to Integer.vcxproj", "{AFFCA099-8F42-4AD6-9190-1E4226E2DB2D}"
EndProject
Project("{8BC9CEB8-8B4A-11D0-8D11-00A0C91BC942}") = "9. Palindrome Number", "9.Palindrome Number\9.Palindrome Number.vcxproj", "{008B7BA1-8B40-4D78-86F8-7A55EB392FA8}"
EndProject
Project("{8BC9CEB8-8B4A-11D0-8D11-00A0C91BC942}") = "14. Longest Common Prefix", "14. Longest Common Prefix\14. Longest Common Prefix.vcxproj", "{6A9B3950-6CA1-46C8-A286-F876F6E22837}"
EndProject
Project("{8BC9CEB8-8B4A-11D0-8D11-00A0C91BC942}") = "20. Valid Parentheses", "20. Valid Parentheses\20. Valid Parentheses.vcxproj", "{2B698442-F74F-4C78-9125-960D7FF412D4}"
EndProject
Project("{8BC9CEB8-8B4A-11D0-8D11-00A0C91BC942}") = "21. Merge Two Sorted Lists", "21. Merge Two Sorted Lists\21. Merge Two Sorted Lists.vcxproj", "{9B40BFFA-0300-45CB-B333-CD8BE643E131}"
EndProject
Project("{8BC9CEB8-8B4A-11D0-8D11-00A0C91BC942}") = "26. Remove Duplicates from Sorted Array", "26. Remove Duplicates from Sorted Array\26. Remove Duplicates from Sorted Array.vcxproj", "{EBDB7C0F-4CF0-4011-AA0A-FF8AE5AABCAE}"
EndProject
Project("{8BC9CEB8-8B4A-11D0-8D11-00A0C91BC942}") = "28. Find the Index of the First Occurrence in a String", "28. Find the Index of the First Occurrence in a String\28. Find the Index of the First Occurrence in a String.vcxproj", "{5C17F2EC-E107-4B88-838C-6A9CA5CE1F9C}"
EndProject
Global
	GlobalSection(SolutionConfigurationPlatforms) = preSolution
		Debug|x64 = Debug|x64
		Debug|x86 = Debug|x86
		Release|x64 = Release|x64
		Release|x86 = Release|x86
	EndGlobalSection
	GlobalSection(ProjectConfigurationPlatforms) = postSolution
		{DD805337-9F82-4D16-B762-29DAD0007114}.Debug|x64.ActiveCfg = Debug|x64
		{DD805337-9F82-4D16-B762-29DAD0007114}.Debug|x64.Build.0 = Debug|x64
		{DD805337-9F82-4D16-B762-29DAD0007114}.Debug|x86.ActiveCfg = Debug|Win32
		{DD805337-9F82-4D16-B762-29DAD0007114}.Debug|x86.Build.0 = Debug|Win32
		{DD805337-9F82-4D16-B762-29DAD0007114}.Release|x64.ActiveCfg = Release|x64
		{DD805337-9F82-4D16-B762-29DAD0007114}.Release|x64.Build.0 = Release|x64
		{DD805337-9F82-4D16-B762-29DAD0007114}.Release|x86.ActiveCfg = Release|Win32
		{DD805337-9F82-4D16-B762-29DAD0007114}.Release|x86.Build.0 = Release|Win32
		{AFFCA099-8F42-4AD6-9190-1E4226E2DB2D}.Debug|x64.ActiveCfg = Debug|x64
		{AFFCA099-8F42-4AD6-9190-1E4226E2DB2D}.Debug|x64.Build.0 = Debug|x64
		{AFFCA099-8F42-4AD6-9190-1E4226E2DB2D}.Debug|x86.ActiveCfg = Debug|Win32
		{AFFCA099-8F42-4AD6-9190-1E4226E2DB2D}.Debug|x86.Build.0 = Debug|Win32
		{AFFCA099-8F42-4AD6-9190-1E4226E2DB2D}.Release|x64.ActiveCfg = Release|x64
		{AFFCA099-8F42-4AD6-9190-1E4226E2DB2D}.Release|x64.Build.0 = Release|x64
		{AFFCA099-8F42-4AD6-9190-1E4226E2DB2D}.Release|x86.ActiveCfg = Release|Win32
		{AFFCA099-8F42-4AD6-9190-1E4226E2DB2D}.Release|x86.Build.0 = Release|Win32
		{008B7BA1-8B40-4D78-86F8-7A55EB392FA8}.Debug|x64.ActiveCfg = Debug|x64
		{008B7BA1-8B40-4D78-86F8-7A55EB392FA8}.Debug|x64.Build.0 = Debug|x64
		{008B7BA1-8B40-4D78-86F8-7A55EB392FA8}.Debug|x86.ActiveCfg = Debug|Win32
		{008B7BA1-8B40-4D78-86F8-7A55EB392FA8}.Debug|x86.Build.0 = Debug|Win32
		{008B7BA1-8B40-4D78-86F8-7A55EB392FA8}.Release|x64.ActiveCfg = Release|x64
		{008B7BA1-8B40-4D78-86F8-7A55EB392FA8}.Release|x64.Build.0 = Release|x64
		{008B7BA1-8B40-4D78-86F8-7A55EB392FA8}.Release|x86.ActiveCfg = Release|Win32
		{008B7BA1-8B40-4D78-86F8-7A55EB392FA8}.Release|x86.Build.0 = Release|Win32
		{6A9B3950-6CA1-46C8-A286-F876F6E22837}.Debug|x64.ActiveCfg = Debug|x64
		{6A9B3950-6CA1-46C8-A286-F876F6E22837}.Debug|x64.Build.0 = Debug|x64
		{6A9B3950-6CA1-46C8-A286-F876F6E22837}.Debug|x86.ActiveCfg = Debug|Win32
		{6A9B3950-6CA1-46C8-A286-F876F6E22837}.Debug|x86.Build.0 = Debug|Win32
		{6A9B3950-6CA1-46C8-A286-F876F6E22837}.Release|x64.ActiveCfg = Release|x64
		{6A9B3950-6CA1-46C8-A286-F876F6E22837}.Release|x64.Build.0 = Release|x64
		{6A9B3950-6CA1-46C8-A286-F876F6E22837}.Release|x86.ActiveCfg = Release|Win32
		{6A9B3950-6CA1-46C8-A286-F876F6E22837}.Release|x86.Build.0 = Release|Win32
		{2B698442-F74F-4C78-9125-960D7FF412D4}.Debug|x64.ActiveCfg = Debug|x64
		{2B698442-F74F-4C78-9125-960D7FF412D4}.Debug|x64.Build.0 = Debug|x64
		{2B698442-F74F-4C78-9125-960D7FF412D4}.Debug|x86.ActiveCfg = Debug|Win32
		{2B698442-F74F-4C78-9125-960D7FF412D4}.Debug|x86.Build.0 = Debug|Win32
		{2B698442-F74F-4C78-9125-960D7FF412D4}.Release|x64.ActiveCfg = Release|x64
		{2B698442-F74F-4C78-9125-960D7FF412D4}.Release|x64.Build.0 = Release|x64
		{2B698442-F74F-4C78-9125-960D7FF412D4}.Release|x86.ActiveCfg = Release|Win32
		{2B698442-F74F-4C78-9125-960D7FF412D4}.Release|x86.Build.0 = Release|Win32
		{9B40BFFA-0300-45CB-B333-CD8BE643E131}.Debug|x64.ActiveCfg = Debug|x64
		{9B40BFFA-0300-45CB-B333-CD8BE643E131}.Debug|x64.Build.0 = Debug|x64
		{9B40BFFA-0300-45CB-B333-CD8BE643E131}.Debug|x86.ActiveCfg = Debug|Win32
		{9B40BFFA-0300-45CB-B333-CD8BE643E131}.Debug|x86.Build.0 = Debug|Win32
		{9B40BFFA-0300-45CB-B333-CD8BE643E131}.Release|x64.ActiveCfg = Release|x64
		{9B40BFFA-0300-45CB-B333-CD8BE643E131}.Release|x64.Build.0 = Release|x64
		{9B40BFFA-0300-45CB-B333-CD8BE643E131}.Release|x86.ActiveCfg = Release|Win32
		{9B40BFFA-0300-45CB-B333-CD8BE643E131}.Release|x86.Build.0 = Release|Win32
		{EBDB7C0F-4CF0-4011-AA0A-FF8AE5AABCAE}.Debug|x64.ActiveCfg = Debug|x64
		{EBDB7C0F-4CF0-4011-AA0A-FF8AE5AABCAE}.Debug|x64.Build.0 = Debug|x64
		{EBDB7C0F-4CF0-4011-AA0A-FF8AE5AABCAE}.Debug|x86.ActiveCfg = Debug|Win32
		{EBDB7C0F-4CF0-4011-AA0A-FF8AE5AABCAE}.Debug|x86.Build.0 = Debug|Win32
		{EBDB7C0F-4CF0-4011-AA0A-FF8AE5AABCAE}.Release|x64.ActiveCfg = Release|x64
		{EBDB7C0F-4CF0-4011-AA0A-FF8AE5AABCAE}.Release|x64.Build.0 = Release|x64
		{EBDB7C0F-4CF0-4011-AA0A-FF8AE5AABCAE}.Release|x86.ActiveCfg = Release|Win32
		{EBDB7C0F-4CF0-4011-AA0A-FF8AE5AABCAE}.Release|x86.Build.0 = Release|Win32
		{5C17F2EC-E107-4B88-838C-6A9CA5CE1F9C}.Debug|x64.ActiveCfg = Debug|x64
		{5C17F2EC-E107-4B88-838C-6A9CA5CE1F9C}.Debug|x64.Build.0 = Debug|x64
		{5C17F2EC-E107-4B88-838C-6A9CA5CE1F9C}.Debug|x86.ActiveCfg = Debug|Win32
		{5C17F2EC-E107-4B88-838C-6A9CA5CE1F9C}.Debug|x86.Build.0 = Debug|Win32
		{5C17F2EC-E107-4B88-838C-6A9CA5CE1F9C}.Release|x64.ActiveCfg = Release|x64
		{5C17F2EC-E107-4B88-838C-6A9CA5CE1F9C}.Release|x64.Build.0 = Release|x64
		{5C17F2EC-E107-4B88-838C-6A9CA5CE1F9C}.Release|x86.ActiveCfg = Release|Win32
		{5C17F2EC-E107-4B88-838C-6A9CA5CE1F9C}.Release|x86.Build.0 = Release|Win32
	EndGlobalSection
	GlobalSection(SolutionProperties) = preSolution
		HideSolutionNode = FALSE
	EndGlobalSection
	GlobalSection(ExtensibilityGlobals) = postSolution
		SolutionGuid = {9652CD6E-26E8-439E-8DB8-4D6C2B30F3C1}
	EndGlobalSection
EndGlobal
